dependencies:
- name: prometheus
  repository: https://prometheus-community.github.io/helm-charts
  version: 21.1.2
- name: postgresql
  repository: https://charts.bitnami.com/bitnami
  version: 12.6.8
digest: sha256:cda91c8cc63c3f994cf54a9c6957af1e6617b5adf73e2f26afd601391c639c65
generated: "2023-07-22T15:33:09.406298-07:00"
