dependencies:
- name: prometheus
  repository: https://prometheus-community.github.io/helm-charts
  version: 21.1.2
- name: postgresql
  repository: https://charts.bitnami.com/bitnami
  version: 12.4.2
digest: sha256:4e49dd164fda3077ac0d4ff875ac9353c83ac71fcf5bbf62e2c0fa4dd003441f
generated: "2023-04-30T16:36:45.355074578-07:00"
